// !$*UTF8*$!
{
	archiveVersion = 1;
	classes = {
	};
	objectVersion = 50;
	objects = {

/* Begin PBXBuildFile section */
		D8817B232499E87B005D9762 /* AppDelegate.swift in Sources */ = {isa = PBXBuildFile; fileRef = D8817B222499E87B005D9762 /* AppDelegate.swift */; };
		D8817B252499E87B005D9762 /* SceneDelegate.swift in Sources */ = {isa = PBXBuildFile; fileRef = D8817B242499E87B005D9762 /* SceneDelegate.swift */; };
		D8817B272499E87B005D9762 /* ViewController.swift in Sources */ = {isa = PBXBuildFile; fileRef = D8817B262499E87B005D9762 /* ViewController.swift */; };
		D8817B2A2499E87B005D9762 /* Main.storyboard in Resources */ = {isa = PBXBuildFile; fileRef = D8817B282499E87B005D9762 /* Main.storyboard */; };
		D8817B2C2499E87D005D9762 /* Assets.xcassets in Resources */ = {isa = PBXBuildFile; fileRef = D8817B2B2499E87D005D9762 /* Assets.xcassets */; };
		D8817B2F2499E87D005D9762 /* LaunchScreen.storyboard in Resources */ = {isa = PBXBuildFile; fileRef = D8817B2D2499E87D005D9762 /* LaunchScreen.storyboard */; };
		D8817B3A2499E87D005D9762 /* MMTAppTests.swift in Sources */ = {isa = PBXBuildFile; fileRef = D8817B392499E87D005D9762 /* MMTAppTests.swift */; };
		D8817B452499E87D005D9762 /* MMTAppUITests.swift in Sources */ = {isa = PBXBuildFile; fileRef = D8817B442499E87D005D9762 /* MMTAppUITests.swift */; };
		D8817B562499E956005D9762 /* libMMTApp.a in Frameworks */ = {isa = PBXBuildFile; fileRef = D8817B542499E955005D9762 /* libMMTApp.a */; };
		D8817B5C2499EB61005D9762 /* CoreData.framework in Frameworks */ = {isa = PBXBuildFile; fileRef = D8817B5B2499EB61005D9762 /* CoreData.framework */; };
		D8817B5E2499EB6C005D9762 /* SystemConfiguration.framework in Frameworks */ = {isa = PBXBuildFile; fileRef = D8817B5D2499EB6C005D9762 /* SystemConfiguration.framework */; };
/* End PBXBuildFile section */

/* Begin PBXContainerItemProxy section */
		D8817B362499E87D005D9762 /* PBXContainerItemProxy */ = {
			isa = PBXContainerItemProxy;
			containerPortal = D8817B172499E87B005D9762 /* Project object */;
			proxyType = 1;
			remoteGlobalIDString = D8817B1E2499E87B005D9762;
			remoteInfo = MMTApp;
		};
		D8817B412499E87D005D9762 /* PBXContainerItemProxy */ = {
			isa = PBXContainerItemProxy;
			containerPortal = D8817B172499E87B005D9762 /* Project object */;
			proxyType = 1;
			remoteGlobalIDString = D8817B1E2499E87B005D9762;
			remoteInfo = MMTApp;
		};
/* End PBXContainerItemProxy section */

/* Begin PBXFileReference section */
		D8817B1F2499E87B005D9762 /* MMTApp.app */ = {isa = PBXFileReference; explicitFileType = wrapper.application; includeInIndex = 0; path = MMTApp.app; sourceTree = BUILT_PRODUCTS_DIR; };
		D8817B222499E87B005D9762 /* AppDelegate.swift */ = {isa = PBXFileReference; lastKnownFileType = sourcecode.swift; path = AppDelegate.swift; sourceTree = "<group>"; };
		D8817B242499E87B005D9762 /* SceneDelegate.swift */ = {isa = PBXFileReference; lastKnownFileType = sourcecode.swift; path = SceneDelegate.swift; sourceTree = "<group>"; };
		D8817B262499E87B005D9762 /* ViewController.swift */ = {isa = PBXFileReference; lastKnownFileType = sourcecode.swift; path = ViewController.swift; sourceTree = "<group>"; };
		D8817B292499E87B005D9762 /* Base */ = {isa = PBXFileReference; lastKnownFileType = file.storyboard; name = Base; path = Base.lproj/Main.storyboard; sourceTree = "<group>"; };
		D8817B2B2499E87D005D9762 /* Assets.xcassets */ = {isa = PBXFileReference; lastKnownFileType = folder.assetcatalog; path = Assets.xcassets; sourceTree = "<group>"; };
		D8817B2E2499E87D005D9762 /* Base */ = {isa = PBXFileReference; lastKnownFileType = file.storyboard; name = Base; path = Base.lproj/LaunchScreen.storyboard; sourceTree = "<group>"; };
		D8817B302499E87D005D9762 /* Info.plist */ = {isa = PBXFileReference; lastKnownFileType = text.plist.xml; path = Info.plist; sourceTree = "<group>"; };
		D8817B352499E87D005D9762 /* MMTAppTests.xctest */ = {isa = PBXFileReference; explicitFileType = wrapper.cfbundle; includeInIndex = 0; path = MMTAppTests.xctest; sourceTree = BUILT_PRODUCTS_DIR; };
		D8817B392499E87D005D9762 /* MMTAppTests.swift */ = {isa = PBXFileReference; lastKnownFileType = sourcecode.swift; path = MMTAppTests.swift; sourceTree = "<group>"; };
		D8817B3B2499E87D005D9762 /* Info.plist */ = {isa = PBXFileReference; lastKnownFileType = text.plist.xml; path = Info.plist; sourceTree = "<group>"; };
		D8817B402499E87D005D9762 /* MMTAppUITests.xctest */ = {isa = PBXFileReference; explicitFileType = wrapper.cfbundle; includeInIndex = 0; path = MMTAppUITests.xctest; sourceTree = BUILT_PRODUCTS_DIR; };
		D8817B442499E87D005D9762 /* MMTAppUITests.swift */ = {isa = PBXFileReference; lastKnownFileType = sourcecode.swift; path = MMTAppUITests.swift; sourceTree = "<group>"; };
		D8817B462499E87D005D9762 /* Info.plist */ = {isa = PBXFileReference; lastKnownFileType = text.plist.xml; path = Info.plist; sourceTree = "<group>"; };
		D8817B542499E955005D9762 /* libMMTApp.a */ = {isa = PBXFileReference; lastKnownFileType = archive.ar; name = libMMTApp.a; path = Framework/libMMTApp.a; sourceTree = SOURCE_ROOT; };
		D8817B572499E993005D9762 /* MMTApp-Bridging-Header.h */ = {isa = PBXFileReference; lastKnownFileType = sourcecode.c.h; path = "MMTApp-Bridging-Header.h"; sourceTree = "<group>"; };
		D8817B5B2499EB61005D9762 /* CoreData.framework */ = {isa = PBXFileReference; lastKnownFileType = wrapper.framework; name = CoreData.framework; path = System/Library/Frameworks/CoreData.framework; sourceTree = SDKROOT; };
		D8817B5D2499EB6C005D9762 /* SystemConfiguration.framework */ = {isa = PBXFileReference; lastKnownFileType = wrapper.framework; name = SystemConfiguration.framework; path = System/Library/Frameworks/SystemConfiguration.framework; sourceTree = SDKROOT; };
		D8817B5F2499EDCF005D9762 /* MMTApi.h */ = {isa = PBXFileReference; fileEncoding = 4; lastKnownFileType = sourcecode.c.h; name = MMTApi.h; path = Framework/MMTApi.h; sourceTree = SOURCE_ROOT; };
		D8817B602499EDCF005D9762 /* MMTExperiences.h */ = {isa = PBXFileReference; fileEncoding = 4; lastKnownFileType = sourcecode.c.h; name = MMTExperiences.h; path = Framework/MMTExperiences.h; sourceTree = SOURCE_ROOT; };
		D8817B612499EDCF005D9762 /* MMTApp.h */ = {isa = PBXFileReference; fileEncoding = 4; lastKnownFileType = sourcecode.c.h; name = MMTApp.h; path = Framework/MMTApp.h; sourceTree = SOURCE_ROOT; };
		D8817B622499EDCF005D9762 /* MMTLogger.h */ = {isa = PBXFileReference; fileEncoding = 4; lastKnownFileType = sourcecode.c.h; name = MMTLogger.h; path = Framework/MMTLogger.h; sourceTree = SOURCE_ROOT; };
		D8817B632499EDCF005D9762 /* UIView+MMTApp.h */ = {isa = PBXFileReference; fileEncoding = 4; lastKnownFileType = sourcecode.c.h; name = "UIView+MMTApp.h"; path = "Framework/UIView+MMTApp.h"; sourceTree = SOURCE_ROOT; };
/* End PBXFileReference section */

/* Begin PBXFrameworksBuildPhase section */
		D8817B1C2499E87B005D9762 /* Frameworks */ = {
			isa = PBXFrameworksBuildPhase;
			buildActionMask = 2147483647;
			files = (
				D8817B562499E956005D9762 /* libMMTApp.a in Frameworks */,
				D8817B5E2499EB6C005D9762 /* SystemConfiguration.framework in Frameworks */,
				D8817B5C2499EB61005D9762 /* CoreData.framework in Frameworks */,
			);
			runOnlyForDeploymentPostprocessing = 0;
		};
		D8817B322499E87D005D9762 /* Frameworks */ = {
			isa = PBXFrameworksBuildPhase;
			buildActionMask = 2147483647;
			files = (
			);
			runOnlyForDeploymentPostprocessing = 0;
		};
		D8817B3D2499E87D005D9762 /* Frameworks */ = {
			isa = PBXFrameworksBuildPhase;
			buildActionMask = 2147483647;
			files = (
			);
			runOnlyForDeploymentPostprocessing = 0;
		};
/* End PBXFrameworksBuildPhase section */

/* Begin PBXGroup section */
		D8817B162499E87B005D9762 = {
			isa = PBXGroup;
			children = (
				D8817B212499E87B005D9762 /* MMTApp */,
				D8817B382499E87D005D9762 /* MMTAppTests */,
				D8817B432499E87D005D9762 /* MMTAppUITests */,
				D8817B202499E87B005D9762 /* Products */,
				D8817B572499E993005D9762 /* MMTApp-Bridging-Header.h */,
				D8817B5A2499EB61005D9762 /* Frameworks */,
			);
			sourceTree = "<group>";
		};
		D8817B202499E87B005D9762 /* Products */ = {
			isa = PBXGroup;
			children = (
				D8817B1F2499E87B005D9762 /* MMTApp.app */,
				D8817B352499E87D005D9762 /* MMTAppTests.xctest */,
				D8817B402499E87D005D9762 /* MMTAppUITests.xctest */,
			);
			name = Products;
			sourceTree = "<group>";
		};
		D8817B212499E87B005D9762 /* MMTApp */ = {
			isa = PBXGroup;
			children = (
				D8817B522499E8D4005D9762 /* Framework */,
				D8817B222499E87B005D9762 /* AppDelegate.swift */,
				D8817B242499E87B005D9762 /* SceneDelegate.swift */,
				D8817B262499E87B005D9762 /* ViewController.swift */,
				D8817B282499E87B005D9762 /* Main.storyboard */,
				D8817B2B2499E87D005D9762 /* Assets.xcassets */,
				D8817B2D2499E87D005D9762 /* LaunchScreen.storyboard */,
				D8817B302499E87D005D9762 /* Info.plist */,
			);
			path = MMTApp;
			sourceTree = "<group>";
		};
		D8817B382499E87D005D9762 /* MMTAppTests */ = {
			isa = PBXGroup;
			children = (
				D8817B392499E87D005D9762 /* MMTAppTests.swift */,
				D8817B3B2499E87D005D9762 /* Info.plist */,
			);
			path = MMTAppTests;
			sourceTree = "<group>";
		};
		D8817B432499E87D005D9762 /* MMTAppUITests */ = {
			isa = PBXGroup;
			children = (
				D8817B442499E87D005D9762 /* MMTAppUITests.swift */,
				D8817B462499E87D005D9762 /* Info.plist */,
			);
			path = MMTAppUITests;
			sourceTree = "<group>";
		};
		D8817B522499E8D4005D9762 /* Framework */ = {
			isa = PBXGroup;
			children = (
				D8817B5F2499EDCF005D9762 /* MMTApi.h */,
				D8817B612499EDCF005D9762 /* MMTApp.h */,
				D8817B602499EDCF005D9762 /* MMTExperiences.h */,
				D8817B622499EDCF005D9762 /* MMTLogger.h */,
				D8817B632499EDCF005D9762 /* UIView+MMTApp.h */,
				D8817B542499E955005D9762 /* libMMTApp.a */,
			);
			name = Framework;
			sourceTree = "<group>";
		};
		D8817B5A2499EB61005D9762 /* Frameworks */ = {
			isa = PBXGroup;
			children = (
				D8817B5D2499EB6C005D9762 /* SystemConfiguration.framework */,
				D8817B5B2499EB61005D9762 /* CoreData.framework */,
			);
			name = Frameworks;
			sourceTree = "<group>";
		};
/* End PBXGroup section */

/* Begin PBXNativeTarget section */
		D8817B1E2499E87B005D9762 /* MMTApp */ = {
			isa = PBXNativeTarget;
			buildConfigurationList = D8817B492499E87D005D9762 /* Build configuration list for PBXNativeTarget "MMTApp" */;
			buildPhases = (
				D8817B1B2499E87B005D9762 /* Sources */,
				D8817B1C2499E87B005D9762 /* Frameworks */,
				D8817B1D2499E87B005D9762 /* Resources */,
			);
			buildRules = (
			);
			dependencies = (
			);
			name = MMTApp;
			productName = MMTApp;
			productReference = D8817B1F2499E87B005D9762 /* MMTApp.app */;
			productType = "com.apple.product-type.application";
		};
		D8817B342499E87D005D9762 /* MMTAppTests */ = {
			isa = PBXNativeTarget;
			buildConfigurationList = D8817B4C2499E87D005D9762 /* Build configuration list for PBXNativeTarget "MMTAppTests" */;
			buildPhases = (
				D8817B312499E87D005D9762 /* Sources */,
				D8817B322499E87D005D9762 /* Frameworks */,
				D8817B332499E87D005D9762 /* Resources */,
			);
			buildRules = (
			);
			dependencies = (
				D8817B372499E87D005D9762 /* PBXTargetDependency */,
			);
			name = MMTAppTests;
			productName = MMTAppTests;
			productReference = D8817B352499E87D005D9762 /* MMTAppTests.xctest */;
			productType = "com.apple.product-type.bundle.unit-test";
		};
		D8817B3F2499E87D005D9762 /* MMTAppUITests */ = {
			isa = PBXNativeTarget;
			buildConfigurationList = D8817B4F2499E87D005D9762 /* Build configuration list for PBXNativeTarget "MMTAppUITests" */;
			buildPhases = (
				D8817B3C2499E87D005D9762 /* Sources */,
				D8817B3D2499E87D005D9762 /* Frameworks */,
				D8817B3E2499E87D005D9762 /* Resources */,
			);
			buildRules = (
			);
			dependencies = (
				D8817B422499E87D005D9762 /* PBXTargetDependency */,
			);
			name = MMTAppUITests;
			productName = MMTAppUITests;
			productReference = D8817B402499E87D005D9762 /* MMTAppUITests.xctest */;
			productType = "com.apple.product-type.bundle.ui-testing";
		};
/* End PBXNativeTarget section */

/* Begin PBXProject section */
		D8817B172499E87B005D9762 /* Project object */ = {
			isa = PBXProject;
			attributes = {
				LastSwiftUpdateCheck = 1150;
				LastUpgradeCheck = 1150;
				ORGANIZATIONNAME = Boopathi;
				TargetAttributes = {
					D8817B1E2499E87B005D9762 = {
						CreatedOnToolsVersion = 11.5;
						LastSwiftMigration = 1150;
					};
					D8817B342499E87D005D9762 = {
						CreatedOnToolsVersion = 11.5;
						TestTargetID = D8817B1E2499E87B005D9762;
					};
					D8817B3F2499E87D005D9762 = {
						CreatedOnToolsVersion = 11.5;
						TestTargetID = D8817B1E2499E87B005D9762;
					};
				};
			};
			buildConfigurationList = D8817B1A2499E87B005D9762 /* Build configuration list for PBXProject "MMTApp" */;
			compatibilityVersion = "Xcode 9.3";
			developmentRegion = en;
			hasScannedForEncodings = 0;
			knownRegions = (
				en,
				Base,
			);
			mainGroup = D8817B162499E87B005D9762;
			productRefGroup = D8817B202499E87B005D9762 /* Products */;
			projectDirPath = "";
			projectRoot = "";
			targets = (
				D8817B1E2499E87B005D9762 /* MMTApp */,
				D8817B342499E87D005D9762 /* MMTAppTests */,
				D8817B3F2499E87D005D9762 /* MMTAppUITests */,
			);
		};
/* End PBXProject section */

/* Begin PBXResourcesBuildPhase section */
		D8817B1D2499E87B005D9762 /* Resources */ = {
			isa = PBXResourcesBuildPhase;
			buildActionMask = 2147483647;
			files = (
				D8817B2F2499E87D005D9762 /* LaunchScreen.storyboard in Resources */,
				D8817B2C2499E87D005D9762 /* Assets.xcassets in Resources */,
				D8817B2A2499E87B005D9762 /* Main.storyboard in Resources */,
			);
			runOnlyForDeploymentPostprocessing = 0;
		};
		D8817B332499E87D005D9762 /* Resources */ = {
			isa = PBXResourcesBuildPhase;
			buildActionMask = 2147483647;
			files = (
			);
			runOnlyForDeploymentPostprocessing = 0;
		};
		D8817B3E2499E87D005D9762 /* Resources */ = {
			isa = PBXResourcesBuildPhase;
			buildActionMask = 2147483647;
			files = (
			);
			runOnlyForDeploymentPostprocessing = 0;
		};
/* End PBXResourcesBuildPhase section */

/* Begin PBXSourcesBuildPhase section */
		D8817B1B2499E87B005D9762 /* Sources */ = {
			isa = PBXSourcesBuildPhase;
			buildActionMask = 2147483647;
			files = (
				D8817B272499E87B005D9762 /* ViewController.swift in Sources */,
				D8817B232499E87B005D9762 /* AppDelegate.swift in Sources */,
				D8817B252499E87B005D9762 /* SceneDelegate.swift in Sources */,
			);
			runOnlyForDeploymentPostprocessing = 0;
		};
		D8817B312499E87D005D9762 /* Sources */ = {
			isa = PBXSourcesBuildPhase;
			buildActionMask = 2147483647;
			files = (
				D8817B3A2499E87D005D9762 /* MMTAppTests.swift in Sources */,
			);
			runOnlyForDeploymentPostprocessing = 0;
		};
		D8817B3C2499E87D005D9762 /* Sources */ = {
			isa = PBXSourcesBuildPhase;
			buildActionMask = 2147483647;
			files = (
				D8817B452499E87D005D9762 /* MMTAppUITests.swift in Sources */,
			);
			runOnlyForDeploymentPostprocessing = 0;
		};
/* End PBXSourcesBuildPhase section */

/* Begin PBXTargetDependency section */
		D8817B372499E87D005D9762 /* PBXTargetDependency */ = {
			isa = PBXTargetDependency;
			target = D8817B1E2499E87B005D9762 /* MMTApp */;
			targetProxy = D8817B362499E87D005D9762 /* PBXContainerItemProxy */;
		};
		D8817B422499E87D005D9762 /* PBXTargetDependency */ = {
			isa = PBXTargetDependency;
			target = D8817B1E2499E87B005D9762 /* MMTApp */;
			targetProxy = D8817B412499E87D005D9762 /* PBXContainerItemProxy */;
		};
/* End PBXTargetDependency section */

/* Begin PBXVariantGroup section */
		D8817B282499E87B005D9762 /* Main.storyboard */ = {
			isa = PBXVariantGroup;
			children = (
				D8817B292499E87B005D9762 /* Base */,
			);
			name = Main.storyboard;
			sourceTree = "<group>";
		};
		D8817B2D2499E87D005D9762 /* LaunchScreen.storyboard */ = {
			isa = PBXVariantGroup;
			children = (
				D8817B2E2499E87D005D9762 /* Base */,
			);
			name = LaunchScreen.storyboard;
			sourceTree = "<group>";
		};
/* End PBXVariantGroup section */

/* Begin XCBuildConfiguration section */
		D8817B472499E87D005D9762 /* Debug */ = {
			isa = XCBuildConfiguration;
			buildSettings = {
				ALWAYS_SEARCH_USER_PATHS = NO;
				CLANG_ANALYZER_NONNULL = YES;
				CLANG_ANALYZER_NUMBER_OBJECT_CONVERSION = YES_AGGRESSIVE;
				CLANG_CXX_LANGUAGE_STANDARD = "gnu++14";
				CLANG_CXX_LIBRARY = "libc++";
				CLANG_ENABLE_MODULES = YES;
				CLANG_ENABLE_OBJC_ARC = YES;
				CLANG_ENABLE_OBJC_WEAK = YES;
				CLANG_WARN_BLOCK_CAPTURE_AUTORELEASING = YES;
				CLANG_WARN_BOOL_CONVERSION = YES;
				CLANG_WARN_COMMA = YES;
				CLANG_WARN_CONSTANT_CONVERSION = YES;
				CLANG_WARN_DEPRECATED_OBJC_IMPLEMENTATIONS = YES;
				CLANG_WARN_DIRECT_OBJC_ISA_USAGE = YES_ERROR;
				CLANG_WARN_DOCUMENTATION_COMMENTS = YES;
				CLANG_WARN_EMPTY_BODY = YES;
				CLANG_WARN_ENUM_CONVERSION = YES;
				CLANG_WARN_INFINITE_RECURSION = YES;
				CLANG_WARN_INT_CONVERSION = YES;
				CLANG_WARN_NON_LITERAL_NULL_CONVERSION = YES;
				CLANG_WARN_OBJC_IMPLICIT_RETAIN_SELF = YES;
				CLANG_WARN_OBJC_LITERAL_CONVERSION = YES;
				CLANG_WARN_OBJC_ROOT_CLASS = YES_ERROR;
				CLANG_WARN_RANGE_LOOP_ANALYSIS = YES;
				CLANG_WARN_STRICT_PROTOTYPES = YES;
				CLANG_WARN_SUSPICIOUS_MOVE = YES;
				CLANG_WARN_UNGUARDED_AVAILABILITY = YES_AGGRESSIVE;
				CLANG_WARN_UNREACHABLE_CODE = YES;
				CLANG_WARN__DUPLICATE_METHOD_MATCH = YES;
				COPY_PHASE_STRIP = NO;
				DEBUG_INFORMATION_FORMAT = dwarf;
				ENABLE_STRICT_OBJC_MSGSEND = YES;
				ENABLE_TESTABILITY = YES;
				GCC_C_LANGUAGE_STANDARD = gnu11;
				GCC_DYNAMIC_NO_PIC = NO;
				GCC_NO_COMMON_BLOCKS = YES;
				GCC_OPTIMIZATION_LEVEL = 0;
				GCC_PREPROCESSOR_DEFINITIONS = (
					"DEBUG=1",
					"$(inherited)",
				);
				GCC_WARN_64_TO_32_BIT_CONVERSION = YES;
				GCC_WARN_ABOUT_RETURN_TYPE = YES_ERROR;
				GCC_WARN_UNDECLARED_SELECTOR = YES;
				GCC_WARN_UNINITIALIZED_AUTOS = YES_AGGRESSIVE;
				GCC_WARN_UNUSED_FUNCTION = YES;
				GCC_WARN_UNUSED_VARIABLE = YES;
				IPHONEOS_DEPLOYMENT_TARGET = 13.5;
				MTL_ENABLE_DEBUG_INFO = INCLUDE_SOURCE;
				MTL_FAST_MATH = YES;
				ONLY_ACTIVE_ARCH = YES;
				SDKROOT = iphoneos;
				SWIFT_ACTIVE_COMPILATION_CONDITIONS = DEBUG;
				SWIFT_OPTIMIZATION_LEVEL = "-Onone";
			};
			name = Debug;
		};
		D8817B482499E87D005D9762 /* Release */ = {
			isa = XCBuildConfiguration;
			buildSettings = {
				ALWAYS_SEARCH_USER_PATHS = NO;
				CLANG_ANALYZER_NONNULL = YES;
				CLANG_ANALYZER_NUMBER_OBJECT_CONVERSION = YES_AGGRESSIVE;
				CLANG_CXX_LANGUAGE_STANDARD = "gnu++14";
				CLANG_CXX_LIBRARY = "libc++";
				CLANG_ENABLE_MODULES = YES;
				CLANG_ENABLE_OBJC_ARC = YES;
				CLANG_ENABLE_OBJC_WEAK = YES;
				CLANG_WARN_BLOCK_CAPTURE_AUTORELEASING = YES;
				CLANG_WARN_BOOL_CONVERSION = YES;
				CLANG_WARN_COMMA = YES;
				CLANG_WARN_CONSTANT_CONVERSION = YES;
				CLANG_WARN_DEPRECATED_OBJC_IMPLEMENTATIONS = YES;
				CLANG_WARN_DIRECT_OBJC_ISA_USAGE = YES_ERROR;
				CLANG_WARN_DOCUMENTATION_COMMENTS = YES;
				CLANG_WARN_EMPTY_BODY = YES;
				CLANG_WARN_ENUM_CONVERSION = YES;
				CLANG_WARN_INFINITE_RECURSION = YES;
				CLANG_WARN_INT_CONVERSION = YES;
				CLANG_WARN_NON_LITERAL_NULL_CONVERSION = YES;
				CLANG_WARN_OBJC_IMPLICIT_RETAIN_SELF = YES;
				CLANG_WARN_OBJC_LITERAL_CONVERSION = YES;
				CLANG_WARN_OBJC_ROOT_CLASS = YES_ERROR;
				CLANG_WARN_RANGE_LOOP_ANALYSIS = YES;
				CLANG_WARN_STRICT_PROTOTYPES = YES;
				CLANG_WARN_SUSPICIOUS_MOVE = YES;
				CLANG_WARN_UNGUARDED_AVAILABILITY = YES_AGGRESSIVE;
				CLANG_WARN_UNREACHABLE_CODE = YES;
				CLANG_WARN__DUPLICATE_METHOD_MATCH = YES;
				COPY_PHASE_STRIP = NO;
				DEBUG_INFORMATION_FORMAT = "dwarf-with-dsym";
				ENABLE_NS_ASSERTIONS = NO;
				ENABLE_STRICT_OBJC_MSGSEND = YES;
				GCC_C_LANGUAGE_STANDARD = gnu11;
				GCC_NO_COMMON_BLOCKS = YES;
				GCC_WARN_64_TO_32_BIT_CONVERSION = YES;
				GCC_WARN_ABOUT_RETURN_TYPE = YES_ERROR;
				GCC_WARN_UNDECLARED_SELECTOR = YES;
				GCC_WARN_UNINITIALIZED_AUTOS = YES_AGGRESSIVE;
				GCC_WARN_UNUSED_FUNCTION = YES;
				GCC_WARN_UNUSED_VARIABLE = YES;
				IPHONEOS_DEPLOYMENT_TARGET = 13.5;
				MTL_ENABLE_DEBUG_INFO = NO;
				MTL_FAST_MATH = YES;
				SDKROOT = iphoneos;
				SWIFT_COMPILATION_MODE = wholemodule;
				SWIFT_OPTIMIZATION_LEVEL = "-O";
				VALIDATE_PRODUCT = YES;
			};
			name = Release;
		};
		D8817B4A2499E87D005D9762 /* Debug */ = {
			isa = XCBuildConfiguration;
			buildSettings = {
				ASSETCATALOG_COMPILER_APPICON_NAME = AppIcon;
				CLANG_ENABLE_MODULES = YES;
				CODE_SIGN_STYLE = Automatic;
				DEVELOPMENT_TEAM = XSLYU8VQKZ;
				INFOPLIST_FILE = MMTApp/Info.plist;
				LD_RUNPATH_SEARCH_PATHS = (
					"$(inherited)",
					"@executable_path/Frameworks",
				);
				LIBRARY_SEARCH_PATHS = (
					"$(inherited)",
					"$(PROJECT_DIR)/Framework",
				);
				OTHER_LDFLAGS = "-ObjC";
				PRODUCT_BUNDLE_IDENTIFIER = com.test.MMTApp;
				PRODUCT_NAME = "$(TARGET_NAME)";
				SWIFT_OBJC_BRIDGING_HEADER = "MMTApp-Bridging-Header.h";
				SWIFT_OPTIMIZATION_LEVEL = "-Onone";
				SWIFT_VERSION = 5.0;
				TARGETED_DEVICE_FAMILY = "1,2";
			};
			name = Debug;
		};
		D8817B4B2499E87D005D9762 /* Release */ = {
			isa = XCBuildConfiguration;
			buildSettings = {
				ASSETCATALOG_COMPILER_APPICON_NAME = AppIcon;
				CLANG_ENABLE_MODULES = YES;
				CODE_SIGN_STYLE = Automatic;
				DEVELOPMENT_TEAM = XSLYU8VQKZ;
				INFOPLIST_FILE = MMTApp/Info.plist;
				LD_RUNPATH_SEARCH_PATHS = (
					"$(inherited)",
					"@executable_path/Frameworks",
				);
				LIBRARY_SEARCH_PATHS = (
					"$(inherited)",
					"$(PROJECT_DIR)/Framework",
				);
				OTHER_LDFLAGS = "-ObjC";
				PRODUCT_BUNDLE_IDENTIFIER = com.test.MMTApp;
				PRODUCT_NAME = "$(TARGET_NAME)";
				SWIFT_OBJC_BRIDGING_HEADER = "MMTApp-Bridging-Header.h";
				SWIFT_VERSION = 5.0;
				TARGETED_DEVICE_FAMILY = "1,2";
			};
			name = Release;
		};
		D8817B4D2499E87D005D9762 /* Debug */ = {
			isa = XCBuildConfiguration;
			buildSettings = {
				ALWAYS_EMBED_SWIFT_STANDARD_LIBRARIES = YES;
				BUNDLE_LOADER = "$(TEST_HOST)";
				CODE_SIGN_STYLE = Automatic;
				DEVELOPMENT_TEAM = XSLYU8VQKZ;
				INFOPLIST_FILE = MMTAppTests/Info.plist;
				IPHONEOS_DEPLOYMENT_TARGET = 13.5;
				LD_RUNPATH_SEARCH_PATHS = (
					"$(inherited)",
					"@executable_path/Frameworks",
					"@loader_path/Frameworks",
				);
				PRODUCT_BUNDLE_IDENTIFIER = com.test.MMTAppTests;
				PRODUCT_NAME = "$(TARGET_NAME)";
				SWIFT_VERSION = 5.0;
				TARGETED_DEVICE_FAMILY = "1,2";
				TEST_HOST = "$(BUILT_PRODUCTS_DIR)/MMTApp.app/MMTApp";
			};
			name = Debug;
		};
		D8817B4E2499E87D005D9762 /* Release */ = {
			isa = XCBuildConfiguration;
			buildSettings = {
				ALWAYS_EMBED_SWIFT_STANDARD_LIBRARIES = YES;
				BUNDLE_LOADER = "$(TEST_HOST)";
				CODE_SIGN_STYLE = Automatic;
				DEVELOPMENT_TEAM = XSLYU8VQKZ;
				INFOPLIST_FILE = MMTAppTests/Info.plist;
				IPHONEOS_DEPLOYMENT_TARGET = 13.5;
				LD_RUNPATH_SEARCH_PATHS = (
					"$(inherited)",
					"@executable_path/Frameworks",
					"@loader_path/Frameworks",
				);
				PRODUCT_BUNDLE_IDENTIFIER = com.test.MMTAppTests;
				PRODUCT_NAME = "$(TARGET_NAME)";
				SWIFT_VERSION = 5.0;
				TARGETED_DEVICE_FAMILY = "1,2";
				TEST_HOST = "$(BUILT_PRODUCTS_DIR)/MMTApp.app/MMTApp";
			};
			name = Release;
		};
		D8817B502499E87D005D9762 /* Debug */ = {
			isa = XCBuildConfiguration;
			buildSettings = {
				ALWAYS_EMBED_SWIFT_STANDARD_LIBRARIES = YES;
				CODE_SIGN_STYLE = Automatic;
				DEVELOPMENT_TEAM = XSLYU8VQKZ;
				INFOPLIST_FILE = MMTAppUITests/Info.plist;
				LD_RUNPATH_SEARCH_PATHS = (
					"$(inherited)",
					"@executable_path/Frameworks",
					"@loader_path/Frameworks",
				);
				PRODUCT_BUNDLE_IDENTIFIER = com.test.MMTAppUITests;
				PRODUCT_NAME = "$(TARGET_NAME)";
				SWIFT_VERSION = 5.0;
				TARGETED_DEVICE_FAMILY = "1,2";
				TEST_TARGET_NAME = MMTApp;
			};
			name = Debug;
		};
		D8817B512499E87D005D9762 /* Release */ = {
			isa = XCBuildConfiguration;
			buildSettings = {
				ALWAYS_EMBED_SWIFT_STANDARD_LIBRARIES = YES;
				CODE_SIGN_STYLE = Automatic;
				DEVELOPMENT_TEAM = XSLYU8VQKZ;
				INFOPLIST_FILE = MMTAppUITests/Info.plist;
				LD_RUNPATH_SEARCH_PATHS = (
					"$(inherited)",
					"@executable_path/Frameworks",
					"@loader_path/Frameworks",
				);
				PRODUCT_BUNDLE_IDENTIFIER = com.test.MMTAppUITests;
				PRODUCT_NAME = "$(TARGET_NAME)";
				SWIFT_VERSION = 5.0;
				TARGETED_DEVICE_FAMILY = "1,2";
				TEST_TARGET_NAME = MMTApp;
			};
			name = Release;
		};
/* End XCBuildConfiguration section */

/* Begin XCConfigurationList section */
		D8817B1A2499E87B005D9762 /* Build configuration list for PBXProject "MMTApp" */ = {
			isa = XCConfigurationList;
			buildConfigurations = (
				D8817B472499E87D005D9762 /* Debug */,
				D8817B482499E87D005D9762 /* Release */,
			);
			defaultConfigurationIsVisible = 0;
			defaultConfigurationName = Release;
		};
		D8817B492499E87D005D9762 /* Build configuration list for PBXNativeTarget "MMTApp" */ = {
			isa = XCConfigurationList;
			buildConfigurations = (
				D8817B4A2499E87D005D9762 /* Debug */,
				D8817B4B2499E87D005D9762 /* Release */,
			);
			defaultConfigurationIsVisible = 0;
			defaultConfigurationName = Release;
		};
		D8817B4C2499E87D005D9762 /* Build configuration list for PBXNativeTarget "MMTAppTests" */ = {
			isa = XCConfigurationList;
			buildConfigurations = (
				D8817B4D2499E87D005D9762 /* Debug */,
				D8817B4E2499E87D005D9762 /* Release */,
			);
			defaultConfigurationIsVisible = 0;
			defaultConfigurationName = Release;
		};
		D8817B4F2499E87D005D9762 /* Build configuration list for PBXNativeTarget "MMTAppUITests" */ = {
			isa = XCConfigurationList;
			buildConfigurations = (
				D8817B502499E87D005D9762 /* Debug */,
				D8817B512499E87D005D9762 /* Release */,
			);
			defaultConfigurationIsVisible = 0;
			defaultConfigurationName = Release;
		};
/* End XCConfigurationList section */
	};
	rootObject = D8817B172499E87B005D9762 /* Project object */;
}
